
Microsoft Visual Studio Solution File, Format Version 12.00
# Visual Studio Version 17
VisualStudioVersion = 17.5.33414.496
MinimumVisualStudioVersion = 10.0.40219.1
Project("{FAE04EC0-301F-11D3-BF4B-00C04F79EFBC}") = "Lua_IDEA.Core", "Lua_IDEA.Core\Lua_IDEA.Core.csproj", "{D6F0191C-74CC-415F-823C-6A1D22DE51DA}"
EndProject
Project("{9A19103F-16F7-4668-BE54-9A1E7A4F7556}") = "Lua_IDEA", "Lua_IDEA\Lua_IDEA.csproj", "{DBF862C2-3720-40F4-B478-8FADBD9A783C}"
EndProject
Global
	GlobalSection(SolutionConfigurationPlatforms) = preSolution
		Debug|Any CPU = Debug|Any CPU
		Debug|ARM64 = Debug|ARM64
		Debug|x64 = Debug|x64
		Debug|x86 = Debug|x86
		Release|Any CPU = Release|Any CPU
		Release|ARM64 = Release|ARM64
		Release|x64 = Release|x64
		Release|x86 = Release|x86
	EndGlobalSection
	GlobalSection(ProjectConfigurationPlatforms) = postSolution
		{D6F0191C-74CC-415F-823C-6A1D22DE51DA}.Debug|Any CPU.ActiveCfg = Debug|Any CPU
		{D6F0191C-74CC-415F-823C-6A1D22DE51DA}.Debug|Any CPU.Build.0 = Debug|Any CPU
		{D6F0191C-74CC-415F-823C-6A1D22DE51DA}.Debug|ARM64.ActiveCfg = Debug|x86
		{D6F0191C-74CC-415F-823C-6A1D22DE51DA}.Debug|ARM64.Build.0 = Debug|x86
		{D6F0191C-74CC-415F-823C-6A1D22DE51DA}.Debug|x64.ActiveCfg = Debug|x64
		{D6F0191C-74CC-415F-823C-6A1D22DE51DA}.Debug|x64.Build.0 = Debug|x64
		{D6F0191C-74CC-415F-823C-6A1D22DE51DA}.Debug|x86.ActiveCfg = Debug|x86
		{D6F0191C-74CC-415F-823C-6A1D22DE51DA}.Debug|x86.Build.0 = Debug|x86
		{D6F0191C-74CC-415F-823C-6A1D22DE51DA}.Release|Any CPU.ActiveCfg = Release|Any CPU
		{D6F0191C-74CC-415F-823C-6A1D22DE51DA}.Release|Any CPU.Build.0 = Release|Any CPU
		{D6F0191C-74CC-415F-823C-6A1D22DE51DA}.Release|ARM64.ActiveCfg = Release|x86
		{D6F0191C-74CC-415F-823C-6A1D22DE51DA}.Release|ARM64.Build.0 = Release|x86
		{D6F0191C-74CC-415F-823C-6A1D22DE51DA}.Release|x64.ActiveCfg = Release|x64
		{D6F0191C-74CC-415F-823C-6A1D22DE51DA}.Release|x64.Build.0 = Release|x64
		{D6F0191C-74CC-415F-823C-6A1D22DE51DA}.Release|x86.ActiveCfg = Release|x86
		{D6F0191C-74CC-415F-823C-6A1D22DE51DA}.Release|x86.Build.0 = Release|x86
		{DBF862C2-3720-40F4-B478-8FADBD9A783C}.Debug|Any CPU.ActiveCfg = Debug|x86
		{DBF862C2-3720-40F4-B478-8FADBD9A783C}.Debug|Any CPU.Build.0 = Debug|x86
		{DBF862C2-3720-40F4-B478-8FADBD9A783C}.Debug|ARM64.ActiveCfg = Debug|x86
		{DBF862C2-3720-40F4-B478-8FADBD9A783C}.Debug|ARM64.Build.0 = Debug|x86
		{DBF862C2-3720-40F4-B478-8FADBD9A783C}.Debug|x64.ActiveCfg = Debug|x64
		{DBF862C2-3720-40F4-B478-8FADBD9A783C}.Debug|x64.Build.0 = Debug|x64
		{DBF862C2-3720-40F4-B478-8FADBD9A783C}.Debug|x86.ActiveCfg = Debug|x86
		{DBF862C2-3720-40F4-B478-8FADBD9A783C}.Debug|x86.Build.0 = Debug|x86
		{DBF862C2-3720-40F4-B478-8FADBD9A783C}.Release|Any CPU.ActiveCfg = Release|x86
		{DBF862C2-3720-40F4-B478-8FADBD9A783C}.Release|Any CPU.Build.0 = Release|x86
		{DBF862C2-3720-40F4-B478-8FADBD9A783C}.Release|ARM64.ActiveCfg = Release|x86
		{DBF862C2-3720-40F4-B478-8FADBD9A783C}.Release|ARM64.Build.0 = Release|x86
		{DBF862C2-3720-40F4-B478-8FADBD9A783C}.Release|x64.ActiveCfg = Release|x64
		{DBF862C2-3720-40F4-B478-8FADBD9A783C}.Release|x64.Build.0 = Release|x64
		{DBF862C2-3720-40F4-B478-8FADBD9A783C}.Release|x86.ActiveCfg = Release|x86
		{DBF862C2-3720-40F4-B478-8FADBD9A783C}.Release|x86.Build.0 = Release|x86
	EndGlobalSection
	GlobalSection(SolutionProperties) = preSolution
		HideSolutionNode = FALSE
	EndGlobalSection
	GlobalSection(ExtensibilityGlobals) = postSolution
		SolutionGuid = {535E5AB8-AFC3-4062-86AE-237C0ECBB2F2}
	EndGlobalSection
EndGlobal
